
Microsoft Visual Studio Solution File, Format Version 12.00
# Visual Studio Version 17
VisualStudioVersion = 17.1.32228.430
MinimumVisualStudioVersion = 10.0.40219.1
Project("{FAE04EC0-301F-11D3-BF4B-00C04F79EFBC}") = "Vista", "Vista\Vista.csproj", "{CF9460CC-0CD3-4442-8F27-90961E448269}"
EndProject
Project("{FAE04EC0-301F-11D3-BF4B-00C04F79EFBC}") = "Entidades", "Entidades\Entidades.csproj", "{DEF0B78D-9B5E-4A6A-A395-F618B9DF99C5}"
EndProject
Global
	GlobalSection(SolutionConfigurationPlatforms) = preSolution
		Debug|Any CPU = Debug|Any CPU
		Release|Any CPU = Release|Any CPU
	EndGlobalSection
	GlobalSection(ProjectConfigurationPlatforms) = postSolution
		{CF9460CC-0CD3-4442-8F27-90961E448269}.Debug|Any CPU.ActiveCfg = Debug|Any CPU
		{CF9460CC-0CD3-4442-8F27-90961E448269}.Debug|Any CPU.Build.0 = Debug|Any CPU
		{CF9460CC-0CD3-4442-8F27-90961E448269}.Release|Any CPU.ActiveCfg = Release|Any CPU
		{CF9460CC-0CD3-4442-8F27-90961E448269}.Release|Any CPU.Build.0 = Release|Any CPU
		{DEF0B78D-9B5E-4A6A-A395-F618B9DF99C5}.Debug|Any CPU.ActiveCfg = Debug|Any CPU
		{DEF0B78D-9B5E-4A6A-A395-F618B9DF99C5}.Debug|Any CPU.Build.0 = Debug|Any CPU
		{DEF0B78D-9B5E-4A6A-A395-F618B9DF99C5}.Release|Any CPU.ActiveCfg = Release|Any CPU
		{DEF0B78D-9B5E-4A6A-A395-F618B9DF99C5}.Release|Any CPU.Build.0 = Release|Any CPU
	EndGlobalSection
	GlobalSection(SolutionProperties) = preSolution
		HideSolutionNode = FALSE
	EndGlobalSection
	GlobalSection(ExtensibilityGlobals) = postSolution
		SolutionGuid = {3732D3D5-A054-4177-9F92-4FE753BD121F}
	EndGlobalSection
EndGlobal
