
Microsoft Visual Studio Solution File, Format Version 12.00
# Visual Studio Version 17
VisualStudioVersion = 17.1.32228.430
MinimumVisualStudioVersion = 10.0.40219.1
Project("{FAE04EC0-301F-11D3-BF4B-00C04F79EFBC}") = "Vista", "Vista\Vista.csproj", "{2AB5A874-3D1A-4B9B-8C2B-23F60157B835}"
EndProject
Project("{FAE04EC0-301F-11D3-BF4B-00C04F79EFBC}") = "Entidades", "Entidades\Entidades.csproj", "{F44B93F8-8003-4BF4-8250-E9724C6F9FF7}"
EndProject
Global
	GlobalSection(SolutionConfigurationPlatforms) = preSolution
		Debug|Any CPU = Debug|Any CPU
		Release|Any CPU = Release|Any CPU
	EndGlobalSection
	GlobalSection(ProjectConfigurationPlatforms) = postSolution
		{2AB5A874-3D1A-4B9B-8C2B-23F60157B835}.Debug|Any CPU.ActiveCfg = Debug|Any CPU
		{2AB5A874-3D1A-4B9B-8C2B-23F60157B835}.Debug|Any CPU.Build.0 = Debug|Any CPU
		{2AB5A874-3D1A-4B9B-8C2B-23F60157B835}.Release|Any CPU.ActiveCfg = Release|Any CPU
		{2AB5A874-3D1A-4B9B-8C2B-23F60157B835}.Release|Any CPU.Build.0 = Release|Any CPU
		{F44B93F8-8003-4BF4-8250-E9724C6F9FF7}.Debug|Any CPU.ActiveCfg = Debug|Any CPU
		{F44B93F8-8003-4BF4-8250-E9724C6F9FF7}.Debug|Any CPU.Build.0 = Debug|Any CPU
		{F44B93F8-8003-4BF4-8250-E9724C6F9FF7}.Release|Any CPU.ActiveCfg = Release|Any CPU
		{F44B93F8-8003-4BF4-8250-E9724C6F9FF7}.Release|Any CPU.Build.0 = Release|Any CPU
	EndGlobalSection
	GlobalSection(SolutionProperties) = preSolution
		HideSolutionNode = FALSE
	EndGlobalSection
	GlobalSection(ExtensibilityGlobals) = postSolution
		SolutionGuid = {693682E5-B824-4ABD-BD5E-059869E17E15}
	EndGlobalSection
EndGlobal
